
Microsoft Visual Studio Solution File, Format Version 12.00
# Visual Studio Version 17
VisualStudioVersion = 17.10.35027.167
MinimumVisualStudioVersion = 10.0.40219.1
Project("{FAE04EC0-301F-11D3-BF4B-00C04F79EFBC}") = "Examination System", "Examination System\Examination System.csproj", "{EBF396BF-A936-4B12-B7BB-05C25023FAA6}"
EndProject
Global
	GlobalSection(SolutionConfigurationPlatforms) = preSolution
		Debug|Any CPU = Debug|Any CPU
		Release|Any CPU = Release|Any CPU
	EndGlobalSection
	GlobalSection(ProjectConfigurationPlatforms) = postSolution
		{EBF396BF-A936-4B12-B7BB-05C25023FAA6}.Debug|Any CPU.ActiveCfg = Debug|Any CPU
		{EBF396BF-A936-4B12-B7BB-05C25023FAA6}.Debug|Any CPU.Build.0 = Debug|Any CPU
		{EBF396BF-A936-4B12-B7BB-05C25023FAA6}.Release|Any CPU.ActiveCfg = Release|Any CPU
		{EBF396BF-A936-4B12-B7BB-05C25023FAA6}.Release|Any CPU.Build.0 = Release|Any CPU
	EndGlobalSection
	GlobalSection(SolutionProperties) = preSolution
		HideSolutionNode = FALSE
	EndGlobalSection
	GlobalSection(ExtensibilityGlobals) = postSolution
		SolutionGuid = {D7080926-6DD9-4181-9BF2-9B028F2B4AD7}
	EndGlobalSection
EndGlobal
